// !$*UTF8*$!
{
	archiveVersion = 1;
	classes = {
	};
	objectVersion = 50;
	objects = {

/* Begin PBXBuildFile section */
		6873674A20EC8BAB00FDE1FE /* AppDelegate.swift in Sources */ = {isa = PBXBuildFile; fileRef = 6873674920EC8BAB00FDE1FE /* AppDelegate.swift */; };
		6873674C20EC8BAB00FDE1FE /* MasterViewController.swift in Sources */ = {isa = PBXBuildFile; fileRef = 6873674B20EC8BAB00FDE1FE /* MasterViewController.swift */; };
		6873674E20EC8BAC00FDE1FE /* SentimentAnalysisViewController.swift in Sources */ = {isa = PBXBuildFile; fileRef = 6873674D20EC8BAC00FDE1FE /* SentimentAnalysisViewController.swift */; };
		6873675120EC8BAC00FDE1FE /* Main.storyboard in Resources */ = {isa = PBXBuildFile; fileRef = 6873674F20EC8BAC00FDE1FE /* Main.storyboard */; };
		6873675320EC8BAD00FDE1FE /* Assets.xcassets in Resources */ = {isa = PBXBuildFile; fileRef = 6873675220EC8BAD00FDE1FE /* Assets.xcassets */; };
		6873675620EC8BAD00FDE1FE /* LaunchScreen.storyboard in Resources */ = {isa = PBXBuildFile; fileRef = 6873675420EC8BAD00FDE1FE /* LaunchScreen.storyboard */; };
		68EB274A20F5329A00455885 /* CameraView.swift in Sources */ = {isa = PBXBuildFile; fileRef = 68EB274920F5329900455885 /* CameraView.swift */; };
		68EB274C20F532B000455885 /* CameraViewController.swift in Sources */ = {isa = PBXBuildFile; fileRef = 68EB274B20F532B000455885 /* CameraViewController.swift */; };
		68EB274E20F532B400455885 /* FaceDetectionViewController.swift in Sources */ = {isa = PBXBuildFile; fileRef = 68EB274D20F532B400455885 /* FaceDetectionViewController.swift */; };
		68EB275720F5369600455885 /* MNIST.mlmodel in Sources */ = {isa = PBXBuildFile; fileRef = 68EB275620F5369600455885 /* MNIST.mlmodel */; };
		68EB275920F536F300455885 /* DigitRecognitionViewController.swift in Sources */ = {isa = PBXBuildFile; fileRef = 68EB275820F536F300455885 /* DigitRecognitionViewController.swift */; };
		68EB275B20F542A400455885 /* UIImage+PixelBuffer.swift in Sources */ = {isa = PBXBuildFile; fileRef = 68EB275A20F542A400455885 /* UIImage+PixelBuffer.swift */; };
		68EB275F20F5640400455885 /* StyleTransferViewController.swift in Sources */ = {isa = PBXBuildFile; fileRef = 68EB275E20F5640400455885 /* StyleTransferViewController.swift */; };
		68EB276120F56D8200455885 /* FNSTheScream.mlmodel in Sources */ = {isa = PBXBuildFile; fileRef = 68EB276020F56D8200455885 /* FNSTheScream.mlmodel */; };
		68EB276720F5753700455885 /* FNSUdnie.mlmodel in Sources */ = {isa = PBXBuildFile; fileRef = 68EB276220F5753600455885 /* FNSUdnie.mlmodel */; };
		68EB276820F5753700455885 /* FNSLaMuse.mlmodel in Sources */ = {isa = PBXBuildFile; fileRef = 68EB276320F5753700455885 /* FNSLaMuse.mlmodel */; };
		68EB276920F5753700455885 /* FNSMosaic.mlmodel in Sources */ = {isa = PBXBuildFile; fileRef = 68EB276420F5753700455885 /* FNSMosaic.mlmodel */; };
		68EB276A20F5753700455885 /* FNSCandy.mlmodel in Sources */ = {isa = PBXBuildFile; fileRef = 68EB276520F5753700455885 /* FNSCandy.mlmodel */; };
		68EB276B20F5753700455885 /* FNSFeathers.mlmodel in Sources */ = {isa = PBXBuildFile; fileRef = 68EB276620F5753700455885 /* FNSFeathers.mlmodel */; };
		68EB276E20F6917900455885 /* SentimentClassifier.mlmodel in Sources */ = {isa = PBXBuildFile; fileRef = 68EB276D20F6917900455885 /* SentimentClassifier.mlmodel */; };
		68EB277020F7E10D00455885 /* ImageClassificationViewController.swift in Sources */ = {isa = PBXBuildFile; fileRef = 68EB276F20F7E10D00455885 /* ImageClassificationViewController.swift */; };
		68EB277220F7E2FC00455885 /* CatDogClassifier.mlmodel in Sources */ = {isa = PBXBuildFile; fileRef = 68EB277120F7E2FC00455885 /* CatDogClassifier.mlmodel */; };
		68EC1EBB20FBCD9E00FCA337 /* DrawingView.swift in Sources */ = {isa = PBXBuildFile; fileRef = 68EC1EBA20FBCD9E00FCA337 /* DrawingView.swift */; };
/* End PBXBuildFile section */

/* Begin PBXFileReference section */
		6873674620EC8BAB00FDE1FE /* CoreMLDemos.app */ = {isa = PBXFileReference; explicitFileType = wrapper.application; includeInIndex = 0; path = CoreMLDemos.app; sourceTree = BUILT_PRODUCTS_DIR; };
		6873674920EC8BAB00FDE1FE /* AppDelegate.swift */ = {isa = PBXFileReference; lastKnownFileType = sourcecode.swift; path = AppDelegate.swift; sourceTree = "<group>"; };
		6873674B20EC8BAB00FDE1FE /* MasterViewController.swift */ = {isa = PBXFileReference; lastKnownFileType = sourcecode.swift; path = MasterViewController.swift; sourceTree = "<group>"; };
		6873674D20EC8BAC00FDE1FE /* SentimentAnalysisViewController.swift */ = {isa = PBXFileReference; lastKnownFileType = sourcecode.swift; path = SentimentAnalysisViewController.swift; sourceTree = "<group>"; };
		6873675020EC8BAC00FDE1FE /* Base */ = {isa = PBXFileReference; lastKnownFileType = file.storyboard; name = Base; path = Base.lproj/Main.storyboard; sourceTree = "<group>"; };
		6873675220EC8BAD00FDE1FE /* Assets.xcassets */ = {isa = PBXFileReference; lastKnownFileType = folder.assetcatalog; path = Assets.xcassets; sourceTree = "<group>"; };
		6873675520EC8BAD00FDE1FE /* Base */ = {isa = PBXFileReference; lastKnownFileType = file.storyboard; name = Base; path = Base.lproj/LaunchScreen.storyboard; sourceTree = "<group>"; };
		6873675720EC8BAD00FDE1FE /* Info.plist */ = {isa = PBXFileReference; lastKnownFileType = text.plist.xml; path = Info.plist; sourceTree = "<group>"; };
		68EB274920F5329900455885 /* CameraView.swift */ = {isa = PBXFileReference; fileEncoding = 4; lastKnownFileType = sourcecode.swift; path = CameraView.swift; sourceTree = "<group>"; };
		68EB274B20F532B000455885 /* CameraViewController.swift */ = {isa = PBXFileReference; fileEncoding = 4; lastKnownFileType = sourcecode.swift; path = CameraViewController.swift; sourceTree = "<group>"; };
		68EB274D20F532B400455885 /* FaceDetectionViewController.swift */ = {isa = PBXFileReference; fileEncoding = 4; lastKnownFileType = sourcecode.swift; path = FaceDetectionViewController.swift; sourceTree = "<group>"; };
		68EB275620F5369600455885 /* MNIST.mlmodel */ = {isa = PBXFileReference; lastKnownFileType = file.mlmodel; path = MNIST.mlmodel; sourceTree = "<group>"; };
		68EB275820F536F300455885 /* DigitRecognitionViewController.swift */ = {isa = PBXFileReference; lastKnownFileType = sourcecode.swift; path = DigitRecognitionViewController.swift; sourceTree = "<group>"; };
		68EB275A20F542A400455885 /* UIImage+PixelBuffer.swift */ = {isa = PBXFileReference; fileEncoding = 4; lastKnownFileType = sourcecode.swift; path = "UIImage+PixelBuffer.swift"; sourceTree = "<group>"; };
		68EB275E20F5640400455885 /* StyleTransferViewController.swift */ = {isa = PBXFileReference; lastKnownFileType = sourcecode.swift; path = StyleTransferViewController.swift; sourceTree = "<group>"; };
		68EB276020F56D8200455885 /* FNSTheScream.mlmodel */ = {isa = PBXFileReference; lastKnownFileType = file.mlmodel; path = FNSTheScream.mlmodel; sourceTree = "<group>"; };
		68EB276220F5753600455885 /* FNSUdnie.mlmodel */ = {isa = PBXFileReference; lastKnownFileType = file.mlmodel; path = FNSUdnie.mlmodel; sourceTree = "<group>"; };
		68EB276320F5753700455885 /* FNSLaMuse.mlmodel */ = {isa = PBXFileReference; lastKnownFileType = file.mlmodel; path = FNSLaMuse.mlmodel; sourceTree = "<group>"; };
		68EB276420F5753700455885 /* FNSMosaic.mlmodel */ = {isa = PBXFileReference; lastKnownFileType = file.mlmodel; path = FNSMosaic.mlmodel; sourceTree = "<group>"; };
		68EB276520F5753700455885 /* FNSCandy.mlmodel */ = {isa = PBXFileReference; lastKnownFileType = file.mlmodel; path = FNSCandy.mlmodel; sourceTree = "<group>"; };
		68EB276620F5753700455885 /* FNSFeathers.mlmodel */ = {isa = PBXFileReference; lastKnownFileType = file.mlmodel; path = FNSFeathers.mlmodel; sourceTree = "<group>"; };
		68EB276D20F6917900455885 /* SentimentClassifier.mlmodel */ = {isa = PBXFileReference; lastKnownFileType = file.mlmodel; path = SentimentClassifier.mlmodel; sourceTree = "<group>"; };
		68EB276F20F7E10D00455885 /* ImageClassificationViewController.swift */ = {isa = PBXFileReference; lastKnownFileType = sourcecode.swift; path = ImageClassificationViewController.swift; sourceTree = "<group>"; };
		68EB277120F7E2FC00455885 /* CatDogClassifier.mlmodel */ = {isa = PBXFileReference; lastKnownFileType = file.mlmodel; path = CatDogClassifier.mlmodel; sourceTree = "<group>"; };
		68EC1EBA20FBCD9E00FCA337 /* DrawingView.swift */ = {isa = PBXFileReference; lastKnownFileType = sourcecode.swift; path = DrawingView.swift; sourceTree = "<group>"; };
/* End PBXFileReference section */

/* Begin PBXFrameworksBuildPhase section */
		6873674320EC8BAB00FDE1FE /* Frameworks */ = {
			isa = PBXFrameworksBuildPhase;
			buildActionMask = 2147483647;
			files = (
			);
			runOnlyForDeploymentPostprocessing = 0;
		};
/* End PBXFrameworksBuildPhase section */

/* Begin PBXGroup section */
		6873673D20EC8BAB00FDE1FE = {
			isa = PBXGroup;
			children = (
				6873674820EC8BAB00FDE1FE /* CoreMLDemos */,
				6873674720EC8BAB00FDE1FE /* Products */,
			);
			sourceTree = "<group>";
		};
		6873674720EC8BAB00FDE1FE /* Products */ = {
			isa = PBXGroup;
			children = (
				6873674620EC8BAB00FDE1FE /* CoreMLDemos.app */,
			);
			name = Products;
			sourceTree = "<group>";
		};
		6873674820EC8BAB00FDE1FE /* CoreMLDemos */ = {
			isa = PBXGroup;
			children = (
				68EB275520F5368F00455885 /* Models */,
				68EB276C20F5890A00455885 /* Extensions */,
				68EB275020F532E700455885 /* Views */,
				68EB274F20F532DE00455885 /* View Controllers */,
				6873674920EC8BAB00FDE1FE /* AppDelegate.swift */,
				6873674F20EC8BAC00FDE1FE /* Main.storyboard */,
				6873675220EC8BAD00FDE1FE /* Assets.xcassets */,
				6873675420EC8BAD00FDE1FE /* LaunchScreen.storyboard */,
				6873675720EC8BAD00FDE1FE /* Info.plist */,
			);
			path = CoreMLDemos;
			sourceTree = "<group>";
		};
		68EB274F20F532DE00455885 /* View Controllers */ = {
			isa = PBXGroup;
			children = (
				6873674B20EC8BAB00FDE1FE /* MasterViewController.swift */,
				68EB274B20F532B000455885 /* CameraViewController.swift */,
				68EB274D20F532B400455885 /* FaceDetectionViewController.swift */,
				6873674D20EC8BAC00FDE1FE /* SentimentAnalysisViewController.swift */,
				68EB275820F536F300455885 /* DigitRecognitionViewController.swift */,
				68EB275E20F5640400455885 /* StyleTransferViewController.swift */,
				68EB276F20F7E10D00455885 /* ImageClassificationViewController.swift */,
			);
			path = "View Controllers";
			sourceTree = "<group>";
		};
		68EB275020F532E700455885 /* Views */ = {
			isa = PBXGroup;
			children = (
				68EB274920F5329900455885 /* CameraView.swift */,
				68EC1EBA20FBCD9E00FCA337 /* DrawingView.swift */,
			);
			path = Views;
			sourceTree = "<group>";
		};
		68EB275520F5368F00455885 /* Models */ = {
			isa = PBXGroup;
			children = (
				68EB278020FA949300455885 /* Text Classification */,
				68EB277E20FA947C00455885 /* Image Classification */,
				68EB277D20FA945100455885 /* Style Transfer */,
			);
			path = Models;
			sourceTree = "<group>";
		};
		68EB276C20F5890A00455885 /* Extensions */ = {
			isa = PBXGroup;
			children = (
				68EB275A20F542A400455885 /* UIImage+PixelBuffer.swift */,
			);
			path = Extensions;
			sourceTree = "<group>";
		};
		68EB277D20FA945100455885 /* Style Transfer */ = {
			isa = PBXGroup;
			children = (
				68EB276520F5753700455885 /* FNSCandy.mlmodel */,
				68EB276620F5753700455885 /* FNSFeathers.mlmodel */,
				68EB276320F5753700455885 /* FNSLaMuse.mlmodel */,
				68EB276420F5753700455885 /* FNSMosaic.mlmodel */,
				68EB276220F5753600455885 /* FNSUdnie.mlmodel */,
				68EB276020F56D8200455885 /* FNSTheScream.mlmodel */,
			);
			path = "Style Transfer";
			sourceTree = "<group>";
		};
		68EB277E20FA947C00455885 /* Image Classification */ = {
			isa = PBXGroup;
			children = (
				68EB275620F5369600455885 /* MNIST.mlmodel */,
				68EB277120F7E2FC00455885 /* CatDogClassifier.mlmodel */,
			);
			path = "Image Classification";
			sourceTree = "<group>";
		};
		68EB278020FA949300455885 /* Text Classification */ = {
			isa = PBXGroup;
			children = (
				68EB276D20F6917900455885 /* SentimentClassifier.mlmodel */,
			);
			path = "Text Classification";
			sourceTree = "<group>";
		};
/* End PBXGroup section */

/* Begin PBXNativeTarget section */
		6873674520EC8BAB00FDE1FE /* CoreMLDemos */ = {
			isa = PBXNativeTarget;
			buildConfigurationList = 6873675A20EC8BAD00FDE1FE /* Build configuration list for PBXNativeTarget "CoreMLDemos" */;
			buildPhases = (
				6873674220EC8BAB00FDE1FE /* Sources */,
				6873674320EC8BAB00FDE1FE /* Frameworks */,
				6873674420EC8BAB00FDE1FE /* Resources */,
			);
			buildRules = (
			);
			dependencies = (
			);
			name = CoreMLDemos;
			productName = CoreMLDemos;
			productReference = 6873674620EC8BAB00FDE1FE /* CoreMLDemos.app */;
			productType = "com.apple.product-type.application";
		};
/* End PBXNativeTarget section */

/* Begin PBXProject section */
		6873673E20EC8BAB00FDE1FE /* Project object */ = {
			isa = PBXProject;
			attributes = {
				LastSwiftUpdateCheck = 0940;
				LastUpgradeCheck = 0940;
				ORGANIZATIONNAME = "Secret Lab";
				TargetAttributes = {
					6873674520EC8BAB00FDE1FE = {
						CreatedOnToolsVersion = 9.4.1;
					};
				};
			};
			buildConfigurationList = 6873674120EC8BAB00FDE1FE /* Build configuration list for PBXProject "CoreMLDemos" */;
			compatibilityVersion = "Xcode 9.3";
			developmentRegion = en;
			hasScannedForEncodings = 0;
			knownRegions = (
				en,
				Base,
			);
			mainGroup = 6873673D20EC8BAB00FDE1FE;
			productRefGroup = 6873674720EC8BAB00FDE1FE /* Products */;
			projectDirPath = "";
			projectRoot = "";
			targets = (
				6873674520EC8BAB00FDE1FE /* CoreMLDemos */,
			);
		};
/* End PBXProject section */

/* Begin PBXResourcesBuildPhase section */
		6873674420EC8BAB00FDE1FE /* Resources */ = {
			isa = PBXResourcesBuildPhase;
			buildActionMask = 2147483647;
			files = (
				6873675620EC8BAD00FDE1FE /* LaunchScreen.storyboard in Resources */,
				6873675320EC8BAD00FDE1FE /* Assets.xcassets in Resources */,
				6873675120EC8BAC00FDE1FE /* Main.storyboard in Resources */,
			);
			runOnlyForDeploymentPostprocessing = 0;
		};
/* End PBXResourcesBuildPhase section */

/* Begin PBXSourcesBuildPhase section */
		6873674220EC8BAB00FDE1FE /* Sources */ = {
			isa = PBXSourcesBuildPhase;
			buildActionMask = 2147483647;
			files = (
				68EB276720F5753700455885 /* FNSUdnie.mlmodel in Sources */,
				68EB276920F5753700455885 /* FNSMosaic.mlmodel in Sources */,
				68EB275920F536F300455885 /* DigitRecognitionViewController.swift in Sources */,
				68EB277020F7E10D00455885 /* ImageClassificationViewController.swift in Sources */,
				6873674E20EC8BAC00FDE1FE /* SentimentAnalysisViewController.swift in Sources */,
				6873674C20EC8BAB00FDE1FE /* MasterViewController.swift in Sources */,
				68EB274A20F5329A00455885 /* CameraView.swift in Sources */,
				68EB276820F5753700455885 /* FNSLaMuse.mlmodel in Sources */,
				68EB274E20F532B400455885 /* FaceDetectionViewController.swift in Sources */,
				68EB277220F7E2FC00455885 /* CatDogClassifier.mlmodel in Sources */,
				68EB276A20F5753700455885 /* FNSCandy.mlmodel in Sources */,
				68EC1EBB20FBCD9E00FCA337 /* DrawingView.swift in Sources */,
				68EB275F20F5640400455885 /* StyleTransferViewController.swift in Sources */,
				68EB275B20F542A400455885 /* UIImage+PixelBuffer.swift in Sources */,
				68EB276B20F5753700455885 /* FNSFeathers.mlmodel in Sources */,
				6873674A20EC8BAB00FDE1FE /* AppDelegate.swift in Sources */,
				68EB275720F5369600455885 /* MNIST.mlmodel in Sources */,
				68EB276E20F6917900455885 /* SentimentClassifier.mlmodel in Sources */,
				68EB274C20F532B000455885 /* CameraViewController.swift in Sources */,
				68EB276120F56D8200455885 /* FNSTheScream.mlmodel in Sources */,
			);
			runOnlyForDeploymentPostprocessing = 0;
		};
/* End PBXSourcesBuildPhase section */

/* Begin PBXVariantGroup section */
		6873674F20EC8BAC00FDE1FE /* Main.storyboard */ = {
			isa = PBXVariantGroup;
			children = (
				6873675020EC8BAC00FDE1FE /* Base */,
			);
			name = Main.storyboard;
			sourceTree = "<group>";
		};
		6873675420EC8BAD00FDE1FE /* LaunchScreen.storyboard */ = {
			isa = PBXVariantGroup;
			children = (
				6873675520EC8BAD00FDE1FE /* Base */,
			);
			name = LaunchScreen.storyboard;
			sourceTree = "<group>";
		};
/* End PBXVariantGroup section */

/* Begin XCBuildConfiguration section */
		6873675820EC8BAD00FDE1FE /* Debug */ = {
			isa = XCBuildConfiguration;
			buildSettings = {
				ALWAYS_SEARCH_USER_PATHS = NO;
				CLANG_ANALYZER_NONNULL = YES;
				CLANG_ANALYZER_NUMBER_OBJECT_CONVERSION = YES_AGGRESSIVE;
				CLANG_CXX_LANGUAGE_STANDARD = "gnu++14";
				CLANG_CXX_LIBRARY = "libc++";
				CLANG_ENABLE_MODULES = YES;
				CLANG_ENABLE_OBJC_ARC = YES;
				CLANG_ENABLE_OBJC_WEAK = YES;
				CLANG_WARN_BLOCK_CAPTURE_AUTORELEASING = YES;
				CLANG_WARN_BOOL_CONVERSION = YES;
				CLANG_WARN_COMMA = YES;
				CLANG_WARN_CONSTANT_CONVERSION = YES;
				CLANG_WARN_DEPRECATED_OBJC_IMPLEMENTATIONS = YES;
				CLANG_WARN_DIRECT_OBJC_ISA_USAGE = YES_ERROR;
				CLANG_WARN_DOCUMENTATION_COMMENTS = YES;
				CLANG_WARN_EMPTY_BODY = YES;
				CLANG_WARN_ENUM_CONVERSION = YES;
				CLANG_WARN_INFINITE_RECURSION = YES;
				CLANG_WARN_INT_CONVERSION = YES;
				CLANG_WARN_NON_LITERAL_NULL_CONVERSION = YES;
				CLANG_WARN_OBJC_IMPLICIT_RETAIN_SELF = YES;
				CLANG_WARN_OBJC_LITERAL_CONVERSION = YES;
				CLANG_WARN_OBJC_ROOT_CLASS = YES_ERROR;
				CLANG_WARN_RANGE_LOOP_ANALYSIS = YES;
				CLANG_WARN_STRICT_PROTOTYPES = YES;
				CLANG_WARN_SUSPICIOUS_MOVE = YES;
				CLANG_WARN_UNGUARDED_AVAILABILITY = YES_AGGRESSIVE;
				CLANG_WARN_UNREACHABLE_CODE = YES;
				CLANG_WARN__DUPLICATE_METHOD_MATCH = YES;
				CODE_SIGN_IDENTITY = "iPhone Developer";
				COPY_PHASE_STRIP = NO;
				DEBUG_INFORMATION_FORMAT = dwarf;
				ENABLE_STRICT_OBJC_MSGSEND = YES;
				ENABLE_TESTABILITY = YES;
				GCC_C_LANGUAGE_STANDARD = gnu11;
				GCC_DYNAMIC_NO_PIC = NO;
				GCC_NO_COMMON_BLOCKS = YES;
				GCC_OPTIMIZATION_LEVEL = 0;
				GCC_PREPROCESSOR_DEFINITIONS = (
					"DEBUG=1",
					"$(inherited)",
				);
				GCC_WARN_64_TO_32_BIT_CONVERSION = YES;
				GCC_WARN_ABOUT_RETURN_TYPE = YES_ERROR;
				GCC_WARN_UNDECLARED_SELECTOR = YES;
				GCC_WARN_UNINITIALIZED_AUTOS = YES_AGGRESSIVE;
				GCC_WARN_UNUSED_FUNCTION = YES;
				GCC_WARN_UNUSED_VARIABLE = YES;
				IPHONEOS_DEPLOYMENT_TARGET = 11.4;
				MTL_ENABLE_DEBUG_INFO = YES;
				ONLY_ACTIVE_ARCH = YES;
				SDKROOT = iphoneos;
				SWIFT_ACTIVE_COMPILATION_CONDITIONS = DEBUG;
				SWIFT_OPTIMIZATION_LEVEL = "-Onone";
			};
			name = Debug;
		};
		6873675920EC8BAD00FDE1FE /* Release */ = {
			isa = XCBuildConfiguration;
			buildSettings = {
				ALWAYS_SEARCH_USER_PATHS = NO;
				CLANG_ANALYZER_NONNULL = YES;
				CLANG_ANALYZER_NUMBER_OBJECT_CONVERSION = YES_AGGRESSIVE;
				CLANG_CXX_LANGUAGE_STANDARD = "gnu++14";
				CLANG_CXX_LIBRARY = "libc++";
				CLANG_ENABLE_MODULES = YES;
				CLANG_ENABLE_OBJC_ARC = YES;
				CLANG_ENABLE_OBJC_WEAK = YES;
				CLANG_WARN_BLOCK_CAPTURE_AUTORELEASING = YES;
				CLANG_WARN_BOOL_CONVERSION = YES;
				CLANG_WARN_COMMA = YES;
				CLANG_WARN_CONSTANT_CONVERSION = YES;
				CLANG_WARN_DEPRECATED_OBJC_IMPLEMENTATIONS = YES;
				CLANG_WARN_DIRECT_OBJC_ISA_USAGE = YES_ERROR;
				CLANG_WARN_DOCUMENTATION_COMMENTS = YES;
				CLANG_WARN_EMPTY_BODY = YES;
				CLANG_WARN_ENUM_CONVERSION = YES;
				CLANG_WARN_INFINITE_RECURSION = YES;
				CLANG_WARN_INT_CONVERSION = YES;
				CLANG_WARN_NON_LITERAL_NULL_CONVERSION = YES;
				CLANG_WARN_OBJC_IMPLICIT_RETAIN_SELF = YES;
				CLANG_WARN_OBJC_LITERAL_CONVERSION = YES;
				CLANG_WARN_OBJC_ROOT_CLASS = YES_ERROR;
				CLANG_WARN_RANGE_LOOP_ANALYSIS = YES;
				CLANG_WARN_STRICT_PROTOTYPES = YES;
				CLANG_WARN_SUSPICIOUS_MOVE = YES;
				CLANG_WARN_UNGUARDED_AVAILABILITY = YES_AGGRESSIVE;
				CLANG_WARN_UNREACHABLE_CODE = YES;
				CLANG_WARN__DUPLICATE_METHOD_MATCH = YES;
				CODE_SIGN_IDENTITY = "iPhone Developer";
				COPY_PHASE_STRIP = NO;
				DEBUG_INFORMATION_FORMAT = "dwarf-with-dsym";
				ENABLE_NS_ASSERTIONS = NO;
				ENABLE_STRICT_OBJC_MSGSEND = YES;
				GCC_C_LANGUAGE_STANDARD = gnu11;
				GCC_NO_COMMON_BLOCKS = YES;
				GCC_WARN_64_TO_32_BIT_CONVERSION = YES;
				GCC_WARN_ABOUT_RETURN_TYPE = YES_ERROR;
				GCC_WARN_UNDECLARED_SELECTOR = YES;
				GCC_WARN_UNINITIALIZED_AUTOS = YES_AGGRESSIVE;
				GCC_WARN_UNUSED_FUNCTION = YES;
				GCC_WARN_UNUSED_VARIABLE = YES;
				IPHONEOS_DEPLOYMENT_TARGET = 11.4;
				MTL_ENABLE_DEBUG_INFO = NO;
				SDKROOT = iphoneos;
				SWIFT_COMPILATION_MODE = wholemodule;
				SWIFT_OPTIMIZATION_LEVEL = "-O";
				VALIDATE_PRODUCT = YES;
			};
			name = Release;
		};
		6873675B20EC8BAD00FDE1FE /* Debug */ = {
			isa = XCBuildConfiguration;
			buildSettings = {
				ASSETCATALOG_COMPILER_APPICON_NAME = AppIcon;
				CODE_SIGN_STYLE = Automatic;
				DEVELOPMENT_TEAM = 5V2A4389PA;
				INFOPLIST_FILE = CoreMLDemos/Info.plist;
				LD_RUNPATH_SEARCH_PATHS = (
					"$(inherited)",
					"@executable_path/Frameworks",
				);
				PRODUCT_BUNDLE_IDENTIFIER = au.com.secretlab.Training.CoreMLDemos;
				PRODUCT_NAME = "$(TARGET_NAME)";
				SWIFT_VERSION = 4.0;
				TARGETED_DEVICE_FAMILY = "1,2";
			};
			name = Debug;
		};
		6873675C20EC8BAD00FDE1FE /* Release */ = {
			isa = XCBuildConfiguration;
			buildSettings = {
				ASSETCATALOG_COMPILER_APPICON_NAME = AppIcon;
				CODE_SIGN_STYLE = Automatic;
				DEVELOPMENT_TEAM = 5V2A4389PA;
				INFOPLIST_FILE = CoreMLDemos/Info.plist;
				LD_RUNPATH_SEARCH_PATHS = (
					"$(inherited)",
					"@executable_path/Frameworks",
				);
				PRODUCT_BUNDLE_IDENTIFIER = au.com.secretlab.Training.CoreMLDemos;
				PRODUCT_NAME = "$(TARGET_NAME)";
				SWIFT_VERSION = 4.0;
				TARGETED_DEVICE_FAMILY = "1,2";
			};
			name = Release;
		};
/* End XCBuildConfiguration section */

/* Begin XCConfigurationList section */
		6873674120EC8BAB00FDE1FE /* Build configuration list for PBXProject "CoreMLDemos" */ = {
			isa = XCConfigurationList;
			buildConfigurations = (
				6873675820EC8BAD00FDE1FE /* Debug */,
				6873675920EC8BAD00FDE1FE /* Release */,
			);
			defaultConfigurationIsVisible = 0;
			defaultConfigurationName = Release;
		};
		6873675A20EC8BAD00FDE1FE /* Build configuration list for PBXNativeTarget "CoreMLDemos" */ = {
			isa = XCConfigurationList;
			buildConfigurations = (
				6873675B20EC8BAD00FDE1FE /* Debug */,
				6873675C20EC8BAD00FDE1FE /* Release */,
			);
			defaultConfigurationIsVisible = 0;
			defaultConfigurationName = Release;
		};
/* End XCConfigurationList section */
	};
	rootObject = 6873673E20EC8BAB00FDE1FE /* Project object */;
}
